
Microsoft Visual Studio Solution File, Format Version 12.00
# Visual Studio Version 16
VisualStudioVersion = 16.0.29409.12
MinimumVisualStudioVersion = 10.0.40219.1
Project("{FAE04EC0-301F-11D3-BF4B-00C04F79EFBC}") = "EnrolleeSplitter", "EnrolleeSplitter.csproj", "{FCEA02E5-7028-414D-AE9C-81AF4D07B701}"
EndProject
Global
	GlobalSection(SolutionConfigurationPlatforms) = preSolution
		Debug|Any CPU = Debug|Any CPU
		Release|Any CPU = Release|Any CPU
	EndGlobalSection
	GlobalSection(ProjectConfigurationPlatforms) = postSolution
		{FCEA02E5-7028-414D-AE9C-81AF4D07B701}.Debug|Any CPU.ActiveCfg = Debug|Any CPU
		{FCEA02E5-7028-414D-AE9C-81AF4D07B701}.Debug|Any CPU.Build.0 = Debug|Any CPU
		{FCEA02E5-7028-414D-AE9C-81AF4D07B701}.Release|Any CPU.ActiveCfg = Release|Any CPU
		{FCEA02E5-7028-414D-AE9C-81AF4D07B701}.Release|Any CPU.Build.0 = Release|Any CPU
	EndGlobalSection
	GlobalSection(SolutionProperties) = preSolution
		HideSolutionNode = FALSE
	EndGlobalSection
	GlobalSection(ExtensibilityGlobals) = postSolution
		SolutionGuid = {28A6D2DC-DDA9-420B-AFE9-C493516EF5EC}
	EndGlobalSection
EndGlobal
